<?xml version="1.0" encoding="utf-8"?>
<Project ToolsVersion="4.0" xmlns="http://schemas.microsoft.com/developer/msbuild/2003">
  <ItemGroup>
    <Filter Include="Source Files">
      <UniqueIdentifier>{4FC737F1-C7A5-4376-A066-2A32D752A2FF}</UniqueIdentifier>
      <Extensions>cpp;c;cc;cxx;c++;cppm;ixx;def;odl;idl;hpj;bat;asm;asmx</Extensions>
    </Filter>
    <Filter Include="Header Files">
      <UniqueIdentifier>{93995380-89BD-4b04-88EB-625FBE52EBFB}</UniqueIdentifier>
      <Extensions>h;hh;hpp;hxx;h++;hm;inl;inc;ipp;xsd</Extensions>
    </Filter>
    <Filter Include="Resource Files">
      <UniqueIdentifier>{67DA6AB6-F800-4c08-8B7A-83BB121AAD01}</UniqueIdentifier>
      <Extensions>rc;ico;cur;bmp;dlg;rc2;rct;bin;rgs;gif;jpg;jpeg;jpe;resx;tiff;tif;png;wav;mfcribbon-ms</Extensions>
    </Filter>
    <Filter Include="Save Files">
      <UniqueIdentifier>{2f84598b-2443-4c2e-a768-060fd93586ba}</UniqueIdentifier>
    </Filter>
    <Filter Include="Placeholder Files">
      <UniqueIdentifier>{71e28843-21cb-499e-8f5c-1bc4937828b2}</UniqueIdentifier>
    </Filter>
  </ItemGroup>
  <ItemGroup>
    <ClCompile Include="Main.cpp">
      <Filter>Source Files</Filter>
    </ClCompile>
    <ClCompile Include="Game.cpp">
      <Filter>Source Files</Filter>
    </ClCompile>
    <ClCompile Include="TableInfo.cpp">
      <Filter>Source Files</Filter>
    </ClCompile>
    <ClCompile Include="FileHandler.cpp">
      <Filter>Source Files</Filter>
    </ClCompile>
    <ClCompile Include="LogicHandler.cpp">
      <Filter>Source Files</Filter>
    </ClCompile>
    <ClCompile Include="2DVisualHandler.cpp">
      <Filter>Source Files</Filter>
    </ClCompile>
    <ClCompile Include="DebuggingFunctions.cpp">
      <Filter>Source Files</Filter>
    </ClCompile>
    <ClCompile Include="StateHandler.cpp">
      <Filter>Source Files</Filter>
    </ClCompile>
    <ClCompile Include="GameContainer.cpp">
      <Filter>Source Files</Filter>
    </ClCompile>
    <ClCompile Include="StateGameplay.cpp">
      <Filter>Source Files</Filter>
    </ClCompile>
  </ItemGroup>
  <ItemGroup>
    <ClInclude Include="Game.h">
      <Filter>Header Files</Filter>
    </ClInclude>
    <ClInclude Include="TableInfo.h">
      <Filter>Header Files</Filter>
    </ClInclude>
    <ClInclude Include="FileHandler.h">
      <Filter>Header Files</Filter>
    </ClInclude>
    <ClInclude Include="LogicHandler.h">
      <Filter>Header Files</Filter>
    </ClInclude>
    <ClInclude Include="2DVisualHandler.h">
      <Filter>Header Files</Filter>
    </ClInclude>
    <ClInclude Include="DebuggingFunctions.h">
      <Filter>Header Files</Filter>
    </ClInclude>
    <ClInclude Include="StateHandler.h">
      <Filter>Header Files</Filter>
    </ClInclude>
    <ClInclude Include="GameContainer.h">
      <Filter>Header Files</Filter>
    </ClInclude>
  </ItemGroup>
  <ItemGroup>
    <Text Include="Levels.txt">
      <Filter>Save Files</Filter>
    </Text>
    <Text Include="SavedPlays.txt">
      <Filter>Save Files</Filter>
    </Text>
    <Text Include="ConsoleIntro.txt">
      <Filter>Save Files</Filter>
    </Text>
  </ItemGroup>
  <ItemGroup>
    <Image Include="Untitled.png">
      <Filter>Placeholder Files</Filter>
    </Image>
  </ItemGroup>
</Project>